
Microsoft Visual Studio Solution File, Format Version 12.00
# Visual Studio 15
VisualStudioVersion = 15.0.28307.136
MinimumVisualStudioVersion = 10.0.40219.1
Project("{8BC9CEB8-8B4A-11D0-8D11-00A0C91BC942}") = "ch08_02", "ch08_02\ch08_02.vcxproj", "{6021BEF2-0AAB-400F-9255-F8DD495D490E}"
EndProject
Global
	GlobalSection(SolutionConfigurationPlatforms) = preSolution
		Debug|x64 = Debug|x64
		Debug|x86 = Debug|x86
		Release|x64 = Release|x64
		Release|x86 = Release|x86
	EndGlobalSection
	GlobalSection(ProjectConfigurationPlatforms) = postSolution
		{6021BEF2-0AAB-400F-9255-F8DD495D490E}.Debug|x64.ActiveCfg = Debug|x64
		{6021BEF2-0AAB-400F-9255-F8DD495D490E}.Debug|x64.Build.0 = Debug|x64
		{6021BEF2-0AAB-400F-9255-F8DD495D490E}.Debug|x86.ActiveCfg = Debug|Win32
		{6021BEF2-0AAB-400F-9255-F8DD495D490E}.Debug|x86.Build.0 = Debug|Win32
		{6021BEF2-0AAB-400F-9255-F8DD495D490E}.Release|x64.ActiveCfg = Release|x64
		{6021BEF2-0AAB-400F-9255-F8DD495D490E}.Release|x64.Build.0 = Release|x64
		{6021BEF2-0AAB-400F-9255-F8DD495D490E}.Release|x86.ActiveCfg = Release|Win32
		{6021BEF2-0AAB-400F-9255-F8DD495D490E}.Release|x86.Build.0 = Release|Win32
	EndGlobalSection
	GlobalSection(SolutionProperties) = preSolution
		HideSolutionNode = FALSE
	EndGlobalSection
	GlobalSection(ExtensibilityGlobals) = postSolution
		SolutionGuid = {DDB6102F-DA02-49EE-9E9C-86B3C7A894AC}
	EndGlobalSection
EndGlobal
