
Microsoft Visual Studio Solution File, Format Version 12.00
# Visual Studio 15
VisualStudioVersion = 15.0.28307.136
MinimumVisualStudioVersion = 10.0.40219.1
Project("{8BC9CEB8-8B4A-11D0-8D11-00A0C91BC942}") = "CH7_01", "CH7_01\CH7_01.vcxproj", "{30FE9698-26E1-4E5D-9B1B-EED092A94219}"
EndProject
Global
	GlobalSection(SolutionConfigurationPlatforms) = preSolution
		Debug|x64 = Debug|x64
		Debug|x86 = Debug|x86
		Release|x64 = Release|x64
		Release|x86 = Release|x86
	EndGlobalSection
	GlobalSection(ProjectConfigurationPlatforms) = postSolution
		{30FE9698-26E1-4E5D-9B1B-EED092A94219}.Debug|x64.ActiveCfg = Debug|x64
		{30FE9698-26E1-4E5D-9B1B-EED092A94219}.Debug|x64.Build.0 = Debug|x64
		{30FE9698-26E1-4E5D-9B1B-EED092A94219}.Debug|x86.ActiveCfg = Debug|Win32
		{30FE9698-26E1-4E5D-9B1B-EED092A94219}.Debug|x86.Build.0 = Debug|Win32
		{30FE9698-26E1-4E5D-9B1B-EED092A94219}.Release|x64.ActiveCfg = Release|x64
		{30FE9698-26E1-4E5D-9B1B-EED092A94219}.Release|x64.Build.0 = Release|x64
		{30FE9698-26E1-4E5D-9B1B-EED092A94219}.Release|x86.ActiveCfg = Release|Win32
		{30FE9698-26E1-4E5D-9B1B-EED092A94219}.Release|x86.Build.0 = Release|Win32
	EndGlobalSection
	GlobalSection(SolutionProperties) = preSolution
		HideSolutionNode = FALSE
	EndGlobalSection
	GlobalSection(ExtensibilityGlobals) = postSolution
		SolutionGuid = {F98D3591-FF17-4D2A-B28A-9AD1CAD618D4}
	EndGlobalSection
EndGlobal
